// !$*UTF8*$!
{
	archiveVersion = 1;
	classes = {
	};
	objectVersion = 50;
	objects = {

/* Begin PBXBuildFile section */
		1FA378092196339300F6A1E1 /* AppDelegate.swift in Sources */ = {isa = PBXBuildFile; fileRef = 1FA378082196339300F6A1E1 /* AppDelegate.swift */; };
		1FA3780B2196339300F6A1E1 /* ViewController.swift in Sources */ = {isa = PBXBuildFile; fileRef = 1FA3780A2196339300F6A1E1 /* ViewController.swift */; };
		1FA3780E2196339300F6A1E1 /* Main.storyboard in Resources */ = {isa = PBXBuildFile; fileRef = 1FA3780C2196339300F6A1E1 /* Main.storyboard */; };
		1FA378102196339500F6A1E1 /* Assets.xcassets in Resources */ = {isa = PBXBuildFile; fileRef = 1FA3780F2196339500F6A1E1 /* Assets.xcassets */; };
		1FA378132196339500F6A1E1 /* LaunchScreen.storyboard in Resources */ = {isa = PBXBuildFile; fileRef = 1FA378112196339500F6A1E1 /* LaunchScreen.storyboard */; };
		1FA3781E2196339500F6A1E1 /* iOS_InClass04Tests.swift in Sources */ = {isa = PBXBuildFile; fileRef = 1FA3781D2196339500F6A1E1 /* iOS_InClass04Tests.swift */; };
		1FA378292196339500F6A1E1 /* iOS_InClass04UITests.swift in Sources */ = {isa = PBXBuildFile; fileRef = 1FA378282196339500F6A1E1 /* iOS_InClass04UITests.swift */; };
		1FA378372196350900F6A1E1 /* AppsData.swift in Sources */ = {isa = PBXBuildFile; fileRef = 1FA378362196350900F6A1E1 /* AppsData.swift */; };
		1FA3783921964D0A00F6A1E1 /* PasswordViewController.swift in Sources */ = {isa = PBXBuildFile; fileRef = 1FA3783821964D0A00F6A1E1 /* PasswordViewController.swift */; };
/* End PBXBuildFile section */

/* Begin PBXContainerItemProxy section */
		1FA3781A2196339500F6A1E1 /* PBXContainerItemProxy */ = {
			isa = PBXContainerItemProxy;
			containerPortal = 1FA377FD2196339300F6A1E1 /* Project object */;
			proxyType = 1;
			remoteGlobalIDString = 1FA378042196339300F6A1E1;
			remoteInfo = "iOS-InClass04";
		};
		1FA378252196339500F6A1E1 /* PBXContainerItemProxy */ = {
			isa = PBXContainerItemProxy;
			containerPortal = 1FA377FD2196339300F6A1E1 /* Project object */;
			proxyType = 1;
			remoteGlobalIDString = 1FA378042196339300F6A1E1;
			remoteInfo = "iOS-InClass04";
		};
/* End PBXContainerItemProxy section */

/* Begin PBXFileReference section */
		1FA378052196339300F6A1E1 /* iOS-InClass04.app */ = {isa = PBXFileReference; explicitFileType = wrapper.application; includeInIndex = 0; path = "iOS-InClass04.app"; sourceTree = BUILT_PRODUCTS_DIR; };
		1FA378082196339300F6A1E1 /* AppDelegate.swift */ = {isa = PBXFileReference; lastKnownFileType = sourcecode.swift; path = AppDelegate.swift; sourceTree = "<group>"; };
		1FA3780A2196339300F6A1E1 /* ViewController.swift */ = {isa = PBXFileReference; lastKnownFileType = sourcecode.swift; path = ViewController.swift; sourceTree = "<group>"; };
		1FA3780D2196339300F6A1E1 /* Base */ = {isa = PBXFileReference; lastKnownFileType = file.storyboard; name = Base; path = Base.lproj/Main.storyboard; sourceTree = "<group>"; };
		1FA3780F2196339500F6A1E1 /* Assets.xcassets */ = {isa = PBXFileReference; lastKnownFileType = folder.assetcatalog; path = Assets.xcassets; sourceTree = "<group>"; };
		1FA378122196339500F6A1E1 /* Base */ = {isa = PBXFileReference; lastKnownFileType = file.storyboard; name = Base; path = Base.lproj/LaunchScreen.storyboard; sourceTree = "<group>"; };
		1FA378142196339500F6A1E1 /* Info.plist */ = {isa = PBXFileReference; lastKnownFileType = text.plist.xml; path = Info.plist; sourceTree = "<group>"; };
		1FA378192196339500F6A1E1 /* iOS-InClass04Tests.xctest */ = {isa = PBXFileReference; explicitFileType = wrapper.cfbundle; includeInIndex = 0; path = "iOS-InClass04Tests.xctest"; sourceTree = BUILT_PRODUCTS_DIR; };
		1FA3781D2196339500F6A1E1 /* iOS_InClass04Tests.swift */ = {isa = PBXFileReference; lastKnownFileType = sourcecode.swift; path = iOS_InClass04Tests.swift; sourceTree = "<group>"; };
		1FA3781F2196339500F6A1E1 /* Info.plist */ = {isa = PBXFileReference; lastKnownFileType = text.plist.xml; path = Info.plist; sourceTree = "<group>"; };
		1FA378242196339500F6A1E1 /* iOS-InClass04UITests.xctest */ = {isa = PBXFileReference; explicitFileType = wrapper.cfbundle; includeInIndex = 0; path = "iOS-InClass04UITests.xctest"; sourceTree = BUILT_PRODUCTS_DIR; };
		1FA378282196339500F6A1E1 /* iOS_InClass04UITests.swift */ = {isa = PBXFileReference; lastKnownFileType = sourcecode.swift; path = iOS_InClass04UITests.swift; sourceTree = "<group>"; };
		1FA3782A2196339500F6A1E1 /* Info.plist */ = {isa = PBXFileReference; lastKnownFileType = text.plist.xml; path = Info.plist; sourceTree = "<group>"; };
		1FA378362196350900F6A1E1 /* AppsData.swift */ = {isa = PBXFileReference; fileEncoding = 4; lastKnownFileType = sourcecode.swift; path = AppsData.swift; sourceTree = "<group>"; };
		1FA3783821964D0A00F6A1E1 /* PasswordViewController.swift */ = {isa = PBXFileReference; lastKnownFileType = sourcecode.swift; path = PasswordViewController.swift; sourceTree = "<group>"; };
/* End PBXFileReference section */

/* Begin PBXFrameworksBuildPhase section */
		1FA378022196339300F6A1E1 /* Frameworks */ = {
			isa = PBXFrameworksBuildPhase;
			buildActionMask = 2147483647;
			files = (
			);
			runOnlyForDeploymentPostprocessing = 0;
		};
		1FA378162196339500F6A1E1 /* Frameworks */ = {
			isa = PBXFrameworksBuildPhase;
			buildActionMask = 2147483647;
			files = (
			);
			runOnlyForDeploymentPostprocessing = 0;
		};
		1FA378212196339500F6A1E1 /* Frameworks */ = {
			isa = PBXFrameworksBuildPhase;
			buildActionMask = 2147483647;
			files = (
			);
			runOnlyForDeploymentPostprocessing = 0;
		};
/* End PBXFrameworksBuildPhase section */

/* Begin PBXGroup section */
		1FA377FC2196339300F6A1E1 = {
			isa = PBXGroup;
			children = (
				1FA378072196339300F6A1E1 /* iOS-InClass04 */,
				1FA3781C2196339500F6A1E1 /* iOS-InClass04Tests */,
				1FA378272196339500F6A1E1 /* iOS-InClass04UITests */,
				1FA378062196339300F6A1E1 /* Products */,
			);
			sourceTree = "<group>";
		};
		1FA378062196339300F6A1E1 /* Products */ = {
			isa = PBXGroup;
			children = (
				1FA378052196339300F6A1E1 /* iOS-InClass04.app */,
				1FA378192196339500F6A1E1 /* iOS-InClass04Tests.xctest */,
				1FA378242196339500F6A1E1 /* iOS-InClass04UITests.xctest */,
			);
			name = Products;
			sourceTree = "<group>";
		};
		1FA378072196339300F6A1E1 /* iOS-InClass04 */ = {
			isa = PBXGroup;
			children = (
				1FA378362196350900F6A1E1 /* AppsData.swift */,
				1FA378082196339300F6A1E1 /* AppDelegate.swift */,
				1FA3780A2196339300F6A1E1 /* ViewController.swift */,
				1FA3780C2196339300F6A1E1 /* Main.storyboard */,
				1FA3780F2196339500F6A1E1 /* Assets.xcassets */,
				1FA378112196339500F6A1E1 /* LaunchScreen.storyboard */,
				1FA378142196339500F6A1E1 /* Info.plist */,
				1FA3783821964D0A00F6A1E1 /* PasswordViewController.swift */,
			);
			path = "iOS-InClass04";
			sourceTree = "<group>";
		};
		1FA3781C2196339500F6A1E1 /* iOS-InClass04Tests */ = {
			isa = PBXGroup;
			children = (
				1FA3781D2196339500F6A1E1 /* iOS_InClass04Tests.swift */,
				1FA3781F2196339500F6A1E1 /* Info.plist */,
			);
			path = "iOS-InClass04Tests";
			sourceTree = "<group>";
		};
		1FA378272196339500F6A1E1 /* iOS-InClass04UITests */ = {
			isa = PBXGroup;
			children = (
				1FA378282196339500F6A1E1 /* iOS_InClass04UITests.swift */,
				1FA3782A2196339500F6A1E1 /* Info.plist */,
			);
			path = "iOS-InClass04UITests";
			sourceTree = "<group>";
		};
/* End PBXGroup section */

/* Begin PBXNativeTarget section */
		1FA378042196339300F6A1E1 /* iOS-InClass04 */ = {
			isa = PBXNativeTarget;
			buildConfigurationList = 1FA3782D2196339500F6A1E1 /* Build configuration list for PBXNativeTarget "iOS-InClass04" */;
			buildPhases = (
				1FA378012196339300F6A1E1 /* Sources */,
				1FA378022196339300F6A1E1 /* Frameworks */,
				1FA378032196339300F6A1E1 /* Resources */,
			);
			buildRules = (
			);
			dependencies = (
			);
			name = "iOS-InClass04";
			productName = "iOS-InClass04";
			productReference = 1FA378052196339300F6A1E1 /* iOS-InClass04.app */;
			productType = "com.apple.product-type.application";
		};
		1FA378182196339500F6A1E1 /* iOS-InClass04Tests */ = {
			isa = PBXNativeTarget;
			buildConfigurationList = 1FA378302196339500F6A1E1 /* Build configuration list for PBXNativeTarget "iOS-InClass04Tests" */;
			buildPhases = (
				1FA378152196339500F6A1E1 /* Sources */,
				1FA378162196339500F6A1E1 /* Frameworks */,
				1FA378172196339500F6A1E1 /* Resources */,
			);
			buildRules = (
			);
			dependencies = (
				1FA3781B2196339500F6A1E1 /* PBXTargetDependency */,
			);
			name = "iOS-InClass04Tests";
			productName = "iOS-InClass04Tests";
			productReference = 1FA378192196339500F6A1E1 /* iOS-InClass04Tests.xctest */;
			productType = "com.apple.product-type.bundle.unit-test";
		};
		1FA378232196339500F6A1E1 /* iOS-InClass04UITests */ = {
			isa = PBXNativeTarget;
			buildConfigurationList = 1FA378332196339500F6A1E1 /* Build configuration list for PBXNativeTarget "iOS-InClass04UITests" */;
			buildPhases = (
				1FA378202196339500F6A1E1 /* Sources */,
				1FA378212196339500F6A1E1 /* Frameworks */,
				1FA378222196339500F6A1E1 /* Resources */,
			);
			buildRules = (
			);
			dependencies = (
				1FA378262196339500F6A1E1 /* PBXTargetDependency */,
			);
			name = "iOS-InClass04UITests";
			productName = "iOS-InClass04UITests";
			productReference = 1FA378242196339500F6A1E1 /* iOS-InClass04UITests.xctest */;
			productType = "com.apple.product-type.bundle.ui-testing";
		};
/* End PBXNativeTarget section */

/* Begin PBXProject section */
		1FA377FD2196339300F6A1E1 /* Project object */ = {
			isa = PBXProject;
			attributes = {
				LastSwiftUpdateCheck = 1000;
				LastUpgradeCheck = 1000;
				ORGANIZATIONNAME = "Alay Chaniyara";
				TargetAttributes = {
					1FA378042196339300F6A1E1 = {
						CreatedOnToolsVersion = 10.0;
					};
					1FA378182196339500F6A1E1 = {
						CreatedOnToolsVersion = 10.0;
						TestTargetID = 1FA378042196339300F6A1E1;
					};
					1FA378232196339500F6A1E1 = {
						CreatedOnToolsVersion = 10.0;
						TestTargetID = 1FA378042196339300F6A1E1;
					};
				};
			};
			buildConfigurationList = 1FA378002196339300F6A1E1 /* Build configuration list for PBXProject "iOS-InClass04" */;
			compatibilityVersion = "Xcode 9.3";
			developmentRegion = en;
			hasScannedForEncodings = 0;
			knownRegions = (
				en,
				Base,
			);
			mainGroup = 1FA377FC2196339300F6A1E1;
			productRefGroup = 1FA378062196339300F6A1E1 /* Products */;
			projectDirPath = "";
			projectRoot = "";
			targets = (
				1FA378042196339300F6A1E1 /* iOS-InClass04 */,
				1FA378182196339500F6A1E1 /* iOS-InClass04Tests */,
				1FA378232196339500F6A1E1 /* iOS-InClass04UITests */,
			);
		};
/* End PBXProject section */

/* Begin PBXResourcesBuildPhase section */
		1FA378032196339300F6A1E1 /* Resources */ = {
			isa = PBXResourcesBuildPhase;
			buildActionMask = 2147483647;
			files = (
				1FA378132196339500F6A1E1 /* LaunchScreen.storyboard in Resources */,
				1FA378102196339500F6A1E1 /* Assets.xcassets in Resources */,
				1FA3780E2196339300F6A1E1 /* Main.storyboard in Resources */,
			);
			runOnlyForDeploymentPostprocessing = 0;
		};
		1FA378172196339500F6A1E1 /* Resources */ = {
			isa = PBXResourcesBuildPhase;
			buildActionMask = 2147483647;
			files = (
			);
			runOnlyForDeploymentPostprocessing = 0;
		};
		1FA378222196339500F6A1E1 /* Resources */ = {
			isa = PBXResourcesBuildPhase;
			buildActionMask = 2147483647;
			files = (
			);
			runOnlyForDeploymentPostprocessing = 0;
		};
/* End PBXResourcesBuildPhase section */

/* Begin PBXSourcesBuildPhase section */
		1FA378012196339300F6A1E1 /* Sources */ = {
			isa = PBXSourcesBuildPhase;
			buildActionMask = 2147483647;
			files = (
				1FA378372196350900F6A1E1 /* AppsData.swift in Sources */,
				1FA3783921964D0A00F6A1E1 /* PasswordViewController.swift in Sources */,
				1FA3780B2196339300F6A1E1 /* ViewController.swift in Sources */,
				1FA378092196339300F6A1E1 /* AppDelegate.swift in Sources */,
			);
			runOnlyForDeploymentPostprocessing = 0;
		};
		1FA378152196339500F6A1E1 /* Sources */ = {
			isa = PBXSourcesBuildPhase;
			buildActionMask = 2147483647;
			files = (
				1FA3781E2196339500F6A1E1 /* iOS_InClass04Tests.swift in Sources */,
			);
			runOnlyForDeploymentPostprocessing = 0;
		};
		1FA378202196339500F6A1E1 /* Sources */ = {
			isa = PBXSourcesBuildPhase;
			buildActionMask = 2147483647;
			files = (
				1FA378292196339500F6A1E1 /* iOS_InClass04UITests.swift in Sources */,
			);
			runOnlyForDeploymentPostprocessing = 0;
		};
/* End PBXSourcesBuildPhase section */

/* Begin PBXTargetDependency section */
		1FA3781B2196339500F6A1E1 /* PBXTargetDependency */ = {
			isa = PBXTargetDependency;
			target = 1FA378042196339300F6A1E1 /* iOS-InClass04 */;
			targetProxy = 1FA3781A2196339500F6A1E1 /* PBXContainerItemProxy */;
		};
		1FA378262196339500F6A1E1 /* PBXTargetDependency */ = {
			isa = PBXTargetDependency;
			target = 1FA378042196339300F6A1E1 /* iOS-InClass04 */;
			targetProxy = 1FA378252196339500F6A1E1 /* PBXContainerItemProxy */;
		};
/* End PBXTargetDependency section */

/* Begin PBXVariantGroup section */
		1FA3780C2196339300F6A1E1 /* Main.storyboard */ = {
			isa = PBXVariantGroup;
			children = (
				1FA3780D2196339300F6A1E1 /* Base */,
			);
			name = Main.storyboard;
			sourceTree = "<group>";
		};
		1FA378112196339500F6A1E1 /* LaunchScreen.storyboard */ = {
			isa = PBXVariantGroup;
			children = (
				1FA378122196339500F6A1E1 /* Base */,
			);
			name = LaunchScreen.storyboard;
			sourceTree = "<group>";
		};
/* End PBXVariantGroup section */

/* Begin XCBuildConfiguration section */
		1FA3782B2196339500F6A1E1 /* Debug */ = {
			isa = XCBuildConfiguration;
			buildSettings = {
				ALWAYS_SEARCH_USER_PATHS = NO;
				CLANG_ANALYZER_NONNULL = YES;
				CLANG_ANALYZER_NUMBER_OBJECT_CONVERSION = YES_AGGRESSIVE;
				CLANG_CXX_LANGUAGE_STANDARD = "gnu++14";
				CLANG_CXX_LIBRARY = "libc++";
				CLANG_ENABLE_MODULES = YES;
				CLANG_ENABLE_OBJC_ARC = YES;
				CLANG_ENABLE_OBJC_WEAK = YES;
				CLANG_WARN_BLOCK_CAPTURE_AUTORELEASING = YES;
				CLANG_WARN_BOOL_CONVERSION = YES;
				CLANG_WARN_COMMA = YES;
				CLANG_WARN_CONSTANT_CONVERSION = YES;
				CLANG_WARN_DEPRECATED_OBJC_IMPLEMENTATIONS = YES;
				CLANG_WARN_DIRECT_OBJC_ISA_USAGE = YES_ERROR;
				CLANG_WARN_DOCUMENTATION_COMMENTS = YES;
				CLANG_WARN_EMPTY_BODY = YES;
				CLANG_WARN_ENUM_CONVERSION = YES;
				CLANG_WARN_INFINITE_RECURSION = YES;
				CLANG_WARN_INT_CONVERSION = YES;
				CLANG_WARN_NON_LITERAL_NULL_CONVERSION = YES;
				CLANG_WARN_OBJC_IMPLICIT_RETAIN_SELF = YES;
				CLANG_WARN_OBJC_LITERAL_CONVERSION = YES;
				CLANG_WARN_OBJC_ROOT_CLASS = YES_ERROR;
				CLANG_WARN_RANGE_LOOP_ANALYSIS = YES;
				CLANG_WARN_STRICT_PROTOTYPES = YES;
				CLANG_WARN_SUSPICIOUS_MOVE = YES;
				CLANG_WARN_UNGUARDED_AVAILABILITY = YES_AGGRESSIVE;
				CLANG_WARN_UNREACHABLE_CODE = YES;
				CLANG_WARN__DUPLICATE_METHOD_MATCH = YES;
				CODE_SIGN_IDENTITY = "iPhone Developer";
				COPY_PHASE_STRIP = NO;
				DEBUG_INFORMATION_FORMAT = dwarf;
				ENABLE_STRICT_OBJC_MSGSEND = YES;
				ENABLE_TESTABILITY = YES;
				GCC_C_LANGUAGE_STANDARD = gnu11;
				GCC_DYNAMIC_NO_PIC = NO;
				GCC_NO_COMMON_BLOCKS = YES;
				GCC_OPTIMIZATION_LEVEL = 0;
				GCC_PREPROCESSOR_DEFINITIONS = (
					"DEBUG=1",
					"$(inherited)",
				);
				GCC_WARN_64_TO_32_BIT_CONVERSION = YES;
				GCC_WARN_ABOUT_RETURN_TYPE = YES_ERROR;
				GCC_WARN_UNDECLARED_SELECTOR = YES;
				GCC_WARN_UNINITIALIZED_AUTOS = YES_AGGRESSIVE;
				GCC_WARN_UNUSED_FUNCTION = YES;
				GCC_WARN_UNUSED_VARIABLE = YES;
				IPHONEOS_DEPLOYMENT_TARGET = 12.0;
				MTL_ENABLE_DEBUG_INFO = INCLUDE_SOURCE;
				MTL_FAST_MATH = YES;
				ONLY_ACTIVE_ARCH = YES;
				SDKROOT = iphoneos;
				SWIFT_ACTIVE_COMPILATION_CONDITIONS = DEBUG;
				SWIFT_OPTIMIZATION_LEVEL = "-Onone";
			};
			name = Debug;
		};
		1FA3782C2196339500F6A1E1 /* Release */ = {
			isa = XCBuildConfiguration;
			buildSettings = {
				ALWAYS_SEARCH_USER_PATHS = NO;
				CLANG_ANALYZER_NONNULL = YES;
				CLANG_ANALYZER_NUMBER_OBJECT_CONVERSION = YES_AGGRESSIVE;
				CLANG_CXX_LANGUAGE_STANDARD = "gnu++14";
				CLANG_CXX_LIBRARY = "libc++";
				CLANG_ENABLE_MODULES = YES;
				CLANG_ENABLE_OBJC_ARC = YES;
				CLANG_ENABLE_OBJC_WEAK = YES;
				CLANG_WARN_BLOCK_CAPTURE_AUTORELEASING = YES;
				CLANG_WARN_BOOL_CONVERSION = YES;
				CLANG_WARN_COMMA = YES;
				CLANG_WARN_CONSTANT_CONVERSION = YES;
				CLANG_WARN_DEPRECATED_OBJC_IMPLEMENTATIONS = YES;
				CLANG_WARN_DIRECT_OBJC_ISA_USAGE = YES_ERROR;
				CLANG_WARN_DOCUMENTATION_COMMENTS = YES;
				CLANG_WARN_EMPTY_BODY = YES;
				CLANG_WARN_ENUM_CONVERSION = YES;
				CLANG_WARN_INFINITE_RECURSION = YES;
				CLANG_WARN_INT_CONVERSION = YES;
				CLANG_WARN_NON_LITERAL_NULL_CONVERSION = YES;
				CLANG_WARN_OBJC_IMPLICIT_RETAIN_SELF = YES;
				CLANG_WARN_OBJC_LITERAL_CONVERSION = YES;
				CLANG_WARN_OBJC_ROOT_CLASS = YES_ERROR;
				CLANG_WARN_RANGE_LOOP_ANALYSIS = YES;
				CLANG_WARN_STRICT_PROTOTYPES = YES;
				CLANG_WARN_SUSPICIOUS_MOVE = YES;
				CLANG_WARN_UNGUARDED_AVAILABILITY = YES_AGGRESSIVE;
				CLANG_WARN_UNREACHABLE_CODE = YES;
				CLANG_WARN__DUPLICATE_METHOD_MATCH = YES;
				CODE_SIGN_IDENTITY = "iPhone Developer";
				COPY_PHASE_STRIP = NO;
				DEBUG_INFORMATION_FORMAT = "dwarf-with-dsym";
				ENABLE_NS_ASSERTIONS = NO;
				ENABLE_STRICT_OBJC_MSGSEND = YES;
				GCC_C_LANGUAGE_STANDARD = gnu11;
				GCC_NO_COMMON_BLOCKS = YES;
				GCC_WARN_64_TO_32_BIT_CONVERSION = YES;
				GCC_WARN_ABOUT_RETURN_TYPE = YES_ERROR;
				GCC_WARN_UNDECLARED_SELECTOR = YES;
				GCC_WARN_UNINITIALIZED_AUTOS = YES_AGGRESSIVE;
				GCC_WARN_UNUSED_FUNCTION = YES;
				GCC_WARN_UNUSED_VARIABLE = YES;
				IPHONEOS_DEPLOYMENT_TARGET = 12.0;
				MTL_ENABLE_DEBUG_INFO = NO;
				MTL_FAST_MATH = YES;
				SDKROOT = iphoneos;
				SWIFT_COMPILATION_MODE = wholemodule;
				SWIFT_OPTIMIZATION_LEVEL = "-O";
				VALIDATE_PRODUCT = YES;
			};
			name = Release;
		};
		1FA3782E2196339500F6A1E1 /* Debug */ = {
			isa = XCBuildConfiguration;
			buildSettings = {
				ASSETCATALOG_COMPILER_APPICON_NAME = AppIcon;
				CODE_SIGN_STYLE = Automatic;
				DEVELOPMENT_TEAM = CCYPLHP7SB;
				INFOPLIST_FILE = "iOS-InClass04/Info.plist";
				LD_RUNPATH_SEARCH_PATHS = (
					"$(inherited)",
					"@executable_path/Frameworks",
				);
				PRODUCT_BUNDLE_IDENTIFIER = "com.example.alay.iOS-InClass04";
				PRODUCT_NAME = "$(TARGET_NAME)";
				SWIFT_VERSION = 4.2;
				TARGETED_DEVICE_FAMILY = "1,2";
			};
			name = Debug;
		};
		1FA3782F2196339500F6A1E1 /* Release */ = {
			isa = XCBuildConfiguration;
			buildSettings = {
				ASSETCATALOG_COMPILER_APPICON_NAME = AppIcon;
				CODE_SIGN_STYLE = Automatic;
				DEVELOPMENT_TEAM = CCYPLHP7SB;
				INFOPLIST_FILE = "iOS-InClass04/Info.plist";
				LD_RUNPATH_SEARCH_PATHS = (
					"$(inherited)",
					"@executable_path/Frameworks",
				);
				PRODUCT_BUNDLE_IDENTIFIER = "com.example.alay.iOS-InClass04";
				PRODUCT_NAME = "$(TARGET_NAME)";
				SWIFT_VERSION = 4.2;
				TARGETED_DEVICE_FAMILY = "1,2";
			};
			name = Release;
		};
		1FA378312196339500F6A1E1 /* Debug */ = {
			isa = XCBuildConfiguration;
			buildSettings = {
				ALWAYS_EMBED_SWIFT_STANDARD_LIBRARIES = YES;
				BUNDLE_LOADER = "$(TEST_HOST)";
				CODE_SIGN_STYLE = Automatic;
				DEVELOPMENT_TEAM = CCYPLHP7SB;
				INFOPLIST_FILE = "iOS-InClass04Tests/Info.plist";
				LD_RUNPATH_SEARCH_PATHS = (
					"$(inherited)",
					"@executable_path/Frameworks",
					"@loader_path/Frameworks",
				);
				PRODUCT_BUNDLE_IDENTIFIER = "com.example.alay.iOS-InClass04Tests";
				PRODUCT_NAME = "$(TARGET_NAME)";
				SWIFT_VERSION = 4.2;
				TARGETED_DEVICE_FAMILY = "1,2";
				TEST_HOST = "$(BUILT_PRODUCTS_DIR)/iOS-InClass04.app/iOS-InClass04";
			};
			name = Debug;
		};
		1FA378322196339500F6A1E1 /* Release */ = {
			isa = XCBuildConfiguration;
			buildSettings = {
				ALWAYS_EMBED_SWIFT_STANDARD_LIBRARIES = YES;
				BUNDLE_LOADER = "$(TEST_HOST)";
				CODE_SIGN_STYLE = Automatic;
				DEVELOPMENT_TEAM = CCYPLHP7SB;
				INFOPLIST_FILE = "iOS-InClass04Tests/Info.plist";
				LD_RUNPATH_SEARCH_PATHS = (
					"$(inherited)",
					"@executable_path/Frameworks",
					"@loader_path/Frameworks",
				);
				PRODUCT_BUNDLE_IDENTIFIER = "com.example.alay.iOS-InClass04Tests";
				PRODUCT_NAME = "$(TARGET_NAME)";
				SWIFT_VERSION = 4.2;
				TARGETED_DEVICE_FAMILY = "1,2";
				TEST_HOST = "$(BUILT_PRODUCTS_DIR)/iOS-InClass04.app/iOS-InClass04";
			};
			name = Release;
		};
		1FA378342196339500F6A1E1 /* Debug */ = {
			isa = XCBuildConfiguration;
			buildSettings = {
				ALWAYS_EMBED_SWIFT_STANDARD_LIBRARIES = YES;
				CODE_SIGN_STYLE = Automatic;
				DEVELOPMENT_TEAM = CCYPLHP7SB;
				INFOPLIST_FILE = "iOS-InClass04UITests/Info.plist";
				LD_RUNPATH_SEARCH_PATHS = (
					"$(inherited)",
					"@executable_path/Frameworks",
					"@loader_path/Frameworks",
				);
				PRODUCT_BUNDLE_IDENTIFIER = "com.example.alay.iOS-InClass04UITests";
				PRODUCT_NAME = "$(TARGET_NAME)";
				SWIFT_VERSION = 4.2;
				TARGETED_DEVICE_FAMILY = "1,2";
				TEST_TARGET_NAME = "iOS-InClass04";
			};
			name = Debug;
		};
		1FA378352196339500F6A1E1 /* Release */ = {
			isa = XCBuildConfiguration;
			buildSettings = {
				ALWAYS_EMBED_SWIFT_STANDARD_LIBRARIES = YES;
				CODE_SIGN_STYLE = Automatic;
				DEVELOPMENT_TEAM = CCYPLHP7SB;
				INFOPLIST_FILE = "iOS-InClass04UITests/Info.plist";
				LD_RUNPATH_SEARCH_PATHS = (
					"$(inherited)",
					"@executable_path/Frameworks",
					"@loader_path/Frameworks",
				);
				PRODUCT_BUNDLE_IDENTIFIER = "com.example.alay.iOS-InClass04UITests";
				PRODUCT_NAME = "$(TARGET_NAME)";
				SWIFT_VERSION = 4.2;
				TARGETED_DEVICE_FAMILY = "1,2";
				TEST_TARGET_NAME = "iOS-InClass04";
			};
			name = Release;
		};
/* End XCBuildConfiguration section */

/* Begin XCConfigurationList section */
		1FA378002196339300F6A1E1 /* Build configuration list for PBXProject "iOS-InClass04" */ = {
			isa = XCConfigurationList;
			buildConfigurations = (
				1FA3782B2196339500F6A1E1 /* Debug */,
				1FA3782C2196339500F6A1E1 /* Release */,
			);
			defaultConfigurationIsVisible = 0;
			defaultConfigurationName = Release;
		};
		1FA3782D2196339500F6A1E1 /* Build configuration list for PBXNativeTarget "iOS-InClass04" */ = {
			isa = XCConfigurationList;
			buildConfigurations = (
				1FA3782E2196339500F6A1E1 /* Debug */,
				1FA3782F2196339500F6A1E1 /* Release */,
			);
			defaultConfigurationIsVisible = 0;
			defaultConfigurationName = Release;
		};
		1FA378302196339500F6A1E1 /* Build configuration list for PBXNativeTarget "iOS-InClass04Tests" */ = {
			isa = XCConfigurationList;
			buildConfigurations = (
				1FA378312196339500F6A1E1 /* Debug */,
				1FA378322196339500F6A1E1 /* Release */,
			);
			defaultConfigurationIsVisible = 0;
			defaultConfigurationName = Release;
		};
		1FA378332196339500F6A1E1 /* Build configuration list for PBXNativeTarget "iOS-InClass04UITests" */ = {
			isa = XCConfigurationList;
			buildConfigurations = (
				1FA378342196339500F6A1E1 /* Debug */,
				1FA378352196339500F6A1E1 /* Release */,
			);
			defaultConfigurationIsVisible = 0;
			defaultConfigurationName = Release;
		};
/* End XCConfigurationList section */
	};
	rootObject = 1FA377FD2196339300F6A1E1 /* Project object */;
}
